// !$*UTF8*$!
{
	archiveVersion = 1;
	classes = {
	};
	objectVersion = 56;
	objects = {

/* Begin PBXBuildFile section */
		5E426B7D2984053C00F22220 /* NetworkRouter.swift in Sources */ = {isa = PBXBuildFile; fileRef = 5E426B7C2984053C00F22220 /* NetworkRouter.swift */; };
		5E426B7F2984068E00F22220 /* Router.swift in Sources */ = {isa = PBXBuildFile; fileRef = 5E426B7E2984068E00F22220 /* Router.swift */; };
		5E426B812984104500F22220 /* MovieEndPoint.swift in Sources */ = {isa = PBXBuildFile; fileRef = 5E426B802984104500F22220 /* MovieEndPoint.swift */; };
		5E426B832984108400F22220 /* Movie.swift in Sources */ = {isa = PBXBuildFile; fileRef = 5E426B822984108400F22220 /* Movie.swift */; };
		5E426B85298410CE00F22220 /* NetworkManager.swift in Sources */ = {isa = PBXBuildFile; fileRef = 5E426B84298410CE00F22220 /* NetworkManager.swift */; };
		5E426B87298416AC00F22220 /* NetworkLogger.swift in Sources */ = {isa = PBXBuildFile; fileRef = 5E426B86298416AC00F22220 /* NetworkLogger.swift */; };
		5E426B892984183100F22220 /* MainViewController.swift in Sources */ = {isa = PBXBuildFile; fileRef = 5E426B882984183100F22220 /* MainViewController.swift */; };
		5E5EB8F429811AE0003437C6 /* AppDelegate.swift in Sources */ = {isa = PBXBuildFile; fileRef = 5E5EB8F329811AE0003437C6 /* AppDelegate.swift */; };
		5E5EB8F629811AE0003437C6 /* SceneDelegate.swift in Sources */ = {isa = PBXBuildFile; fileRef = 5E5EB8F529811AE0003437C6 /* SceneDelegate.swift */; };
		5E5EB8F829811AE0003437C6 /* ViewController.swift in Sources */ = {isa = PBXBuildFile; fileRef = 5E5EB8F729811AE0003437C6 /* ViewController.swift */; };
		5E5EB8FB29811AE0003437C6 /* Main.storyboard in Resources */ = {isa = PBXBuildFile; fileRef = 5E5EB8F929811AE0003437C6 /* Main.storyboard */; };
		5E5EB8FE29811AE0003437C6 /* HNetworkLayer.xcdatamodeld in Sources */ = {isa = PBXBuildFile; fileRef = 5E5EB8FC29811AE0003437C6 /* HNetworkLayer.xcdatamodeld */; };
		5E5EB90029811AE1003437C6 /* Assets.xcassets in Resources */ = {isa = PBXBuildFile; fileRef = 5E5EB8FF29811AE1003437C6 /* Assets.xcassets */; };
		5E5EB90329811AE1003437C6 /* LaunchScreen.storyboard in Resources */ = {isa = PBXBuildFile; fileRef = 5E5EB90129811AE1003437C6 /* LaunchScreen.storyboard */; };
		5E5EB90E29811AE1003437C6 /* HNetworkLayerTests.swift in Sources */ = {isa = PBXBuildFile; fileRef = 5E5EB90D29811AE1003437C6 /* HNetworkLayerTests.swift */; };
		5E5EB91829811AE1003437C6 /* HNetworkLayerUITests.swift in Sources */ = {isa = PBXBuildFile; fileRef = 5E5EB91729811AE1003437C6 /* HNetworkLayerUITests.swift */; };
		5E5EB91A29811AE1003437C6 /* HNetworkLayerUITestsLaunchTests.swift in Sources */ = {isa = PBXBuildFile; fileRef = 5E5EB91929811AE1003437C6 /* HNetworkLayerUITestsLaunchTests.swift */; };
		5E5EB930298157D6003437C6 /* EndPointType.swift in Sources */ = {isa = PBXBuildFile; fileRef = 5E5EB92F298157D6003437C6 /* EndPointType.swift */; };
		5E5EB93229815909003437C6 /* HTTPMethod.swift in Sources */ = {isa = PBXBuildFile; fileRef = 5E5EB93129815909003437C6 /* HTTPMethod.swift */; };
		5E5EB93429815A32003437C6 /* HTTPTask.swift in Sources */ = {isa = PBXBuildFile; fileRef = 5E5EB93329815A32003437C6 /* HTTPTask.swift */; };
		5E5EB93629815A3F003437C6 /* HTTPHeaders.swift in Sources */ = {isa = PBXBuildFile; fileRef = 5E5EB93529815A3F003437C6 /* HTTPHeaders.swift */; };
		5E5EB93829815B95003437C6 /* ParameterEncoding.swift in Sources */ = {isa = PBXBuildFile; fileRef = 5E5EB93729815B95003437C6 /* ParameterEncoding.swift */; };
		5E5EB93A29815C96003437C6 /* NetworkError.swift in Sources */ = {isa = PBXBuildFile; fileRef = 5E5EB93929815C96003437C6 /* NetworkError.swift */; };
		5E5EB93C29815EB2003437C6 /* URLParameterEncoder.swift in Sources */ = {isa = PBXBuildFile; fileRef = 5E5EB93B29815EB2003437C6 /* URLParameterEncoder.swift */; };
		5E5EB93E2981601C003437C6 /* JSONParameterEncoder.swift in Sources */ = {isa = PBXBuildFile; fileRef = 5E5EB93D2981601C003437C6 /* JSONParameterEncoder.swift */; };
/* End PBXBuildFile section */

/* Begin PBXContainerItemProxy section */
		5E5EB90A29811AE1003437C6 /* PBXContainerItemProxy */ = {
			isa = PBXContainerItemProxy;
			containerPortal = 5E5EB8E829811AE0003437C6 /* Project object */;
			proxyType = 1;
			remoteGlobalIDString = 5E5EB8EF29811AE0003437C6;
			remoteInfo = HNetworkLayer;
		};
		5E5EB91429811AE1003437C6 /* PBXContainerItemProxy */ = {
			isa = PBXContainerItemProxy;
			containerPortal = 5E5EB8E829811AE0003437C6 /* Project object */;
			proxyType = 1;
			remoteGlobalIDString = 5E5EB8EF29811AE0003437C6;
			remoteInfo = HNetworkLayer;
		};
/* End PBXContainerItemProxy section */

/* Begin PBXFileReference section */
		5E426B7C2984053C00F22220 /* NetworkRouter.swift */ = {isa = PBXFileReference; lastKnownFileType = sourcecode.swift; path = NetworkRouter.swift; sourceTree = "<group>"; };
		5E426B7E2984068E00F22220 /* Router.swift */ = {isa = PBXFileReference; lastKnownFileType = sourcecode.swift; path = Router.swift; sourceTree = "<group>"; };
		5E426B802984104500F22220 /* MovieEndPoint.swift */ = {isa = PBXFileReference; lastKnownFileType = sourcecode.swift; path = MovieEndPoint.swift; sourceTree = "<group>"; };
		5E426B822984108400F22220 /* Movie.swift */ = {isa = PBXFileReference; lastKnownFileType = sourcecode.swift; path = Movie.swift; sourceTree = "<group>"; };
		5E426B84298410CE00F22220 /* NetworkManager.swift */ = {isa = PBXFileReference; lastKnownFileType = sourcecode.swift; path = NetworkManager.swift; sourceTree = "<group>"; };
		5E426B86298416AC00F22220 /* NetworkLogger.swift */ = {isa = PBXFileReference; lastKnownFileType = sourcecode.swift; path = NetworkLogger.swift; sourceTree = "<group>"; };
		5E426B882984183100F22220 /* MainViewController.swift */ = {isa = PBXFileReference; lastKnownFileType = sourcecode.swift; path = MainViewController.swift; sourceTree = "<group>"; };
		5E5EB8F029811AE0003437C6 /* HNetworkLayer.app */ = {isa = PBXFileReference; explicitFileType = wrapper.application; includeInIndex = 0; path = HNetworkLayer.app; sourceTree = BUILT_PRODUCTS_DIR; };
		5E5EB8F329811AE0003437C6 /* AppDelegate.swift */ = {isa = PBXFileReference; lastKnownFileType = sourcecode.swift; path = AppDelegate.swift; sourceTree = "<group>"; };
		5E5EB8F529811AE0003437C6 /* SceneDelegate.swift */ = {isa = PBXFileReference; lastKnownFileType = sourcecode.swift; path = SceneDelegate.swift; sourceTree = "<group>"; };
		5E5EB8F729811AE0003437C6 /* ViewController.swift */ = {isa = PBXFileReference; lastKnownFileType = sourcecode.swift; path = ViewController.swift; sourceTree = "<group>"; };
		5E5EB8FA29811AE0003437C6 /* Base */ = {isa = PBXFileReference; lastKnownFileType = file.storyboard; name = Base; path = Base.lproj/Main.storyboard; sourceTree = "<group>"; };
		5E5EB8FD29811AE0003437C6 /* HNetworkLayer.xcdatamodel */ = {isa = PBXFileReference; lastKnownFileType = wrapper.xcdatamodel; path = HNetworkLayer.xcdatamodel; sourceTree = "<group>"; };
		5E5EB8FF29811AE1003437C6 /* Assets.xcassets */ = {isa = PBXFileReference; lastKnownFileType = folder.assetcatalog; path = Assets.xcassets; sourceTree = "<group>"; };
		5E5EB90229811AE1003437C6 /* Base */ = {isa = PBXFileReference; lastKnownFileType = file.storyboard; name = Base; path = Base.lproj/LaunchScreen.storyboard; sourceTree = "<group>"; };
		5E5EB90429811AE1003437C6 /* Info.plist */ = {isa = PBXFileReference; lastKnownFileType = text.plist.xml; path = Info.plist; sourceTree = "<group>"; };
		5E5EB90929811AE1003437C6 /* HNetworkLayerTests.xctest */ = {isa = PBXFileReference; explicitFileType = wrapper.cfbundle; includeInIndex = 0; path = HNetworkLayerTests.xctest; sourceTree = BUILT_PRODUCTS_DIR; };
		5E5EB90D29811AE1003437C6 /* HNetworkLayerTests.swift */ = {isa = PBXFileReference; lastKnownFileType = sourcecode.swift; path = HNetworkLayerTests.swift; sourceTree = "<group>"; };
		5E5EB91329811AE1003437C6 /* HNetworkLayerUITests.xctest */ = {isa = PBXFileReference; explicitFileType = wrapper.cfbundle; includeInIndex = 0; path = HNetworkLayerUITests.xctest; sourceTree = BUILT_PRODUCTS_DIR; };
		5E5EB91729811AE1003437C6 /* HNetworkLayerUITests.swift */ = {isa = PBXFileReference; lastKnownFileType = sourcecode.swift; path = HNetworkLayerUITests.swift; sourceTree = "<group>"; };
		5E5EB91929811AE1003437C6 /* HNetworkLayerUITestsLaunchTests.swift */ = {isa = PBXFileReference; lastKnownFileType = sourcecode.swift; path = HNetworkLayerUITestsLaunchTests.swift; sourceTree = "<group>"; };
		5E5EB92629811C58003437C6 /* README.md */ = {isa = PBXFileReference; lastKnownFileType = net.daringfireball.markdown; path = README.md; sourceTree = "<group>"; };
		5E5EB92F298157D6003437C6 /* EndPointType.swift */ = {isa = PBXFileReference; lastKnownFileType = sourcecode.swift; path = EndPointType.swift; sourceTree = "<group>"; };
		5E5EB93129815909003437C6 /* HTTPMethod.swift */ = {isa = PBXFileReference; lastKnownFileType = sourcecode.swift; path = HTTPMethod.swift; sourceTree = "<group>"; };
		5E5EB93329815A32003437C6 /* HTTPTask.swift */ = {isa = PBXFileReference; lastKnownFileType = sourcecode.swift; path = HTTPTask.swift; sourceTree = "<group>"; };
		5E5EB93529815A3F003437C6 /* HTTPHeaders.swift */ = {isa = PBXFileReference; lastKnownFileType = sourcecode.swift; path = HTTPHeaders.swift; sourceTree = "<group>"; };
		5E5EB93729815B95003437C6 /* ParameterEncoding.swift */ = {isa = PBXFileReference; lastKnownFileType = sourcecode.swift; path = ParameterEncoding.swift; sourceTree = "<group>"; };
		5E5EB93929815C96003437C6 /* NetworkError.swift */ = {isa = PBXFileReference; lastKnownFileType = sourcecode.swift; path = NetworkError.swift; sourceTree = "<group>"; };
		5E5EB93B29815EB2003437C6 /* URLParameterEncoder.swift */ = {isa = PBXFileReference; lastKnownFileType = sourcecode.swift; path = URLParameterEncoder.swift; sourceTree = "<group>"; };
		5E5EB93D2981601C003437C6 /* JSONParameterEncoder.swift */ = {isa = PBXFileReference; lastKnownFileType = sourcecode.swift; path = JSONParameterEncoder.swift; sourceTree = "<group>"; };
/* End PBXFileReference section */

/* Begin PBXFrameworksBuildPhase section */
		5E5EB8ED29811AE0003437C6 /* Frameworks */ = {
			isa = PBXFrameworksBuildPhase;
			buildActionMask = 2147483647;
			files = (
			);
			runOnlyForDeploymentPostprocessing = 0;
		};
		5E5EB90629811AE1003437C6 /* Frameworks */ = {
			isa = PBXFrameworksBuildPhase;
			buildActionMask = 2147483647;
			files = (
			);
			runOnlyForDeploymentPostprocessing = 0;
		};
		5E5EB91029811AE1003437C6 /* Frameworks */ = {
			isa = PBXFrameworksBuildPhase;
			buildActionMask = 2147483647;
			files = (
			);
			runOnlyForDeploymentPostprocessing = 0;
		};
/* End PBXFrameworksBuildPhase section */

/* Begin PBXGroup section */
		5E5EB8E729811AE0003437C6 = {
			isa = PBXGroup;
			children = (
				5E5EB92629811C58003437C6 /* README.md */,
				5E5EB8F229811AE0003437C6 /* HNetworkLayer */,
				5E5EB90C29811AE1003437C6 /* HNetworkLayerTests */,
				5E5EB91629811AE1003437C6 /* HNetworkLayerUITests */,
				5E5EB8F129811AE0003437C6 /* Products */,
			);
			sourceTree = "<group>";
		};
		5E5EB8F129811AE0003437C6 /* Products */ = {
			isa = PBXGroup;
			children = (
				5E5EB8F029811AE0003437C6 /* HNetworkLayer.app */,
				5E5EB90929811AE1003437C6 /* HNetworkLayerTests.xctest */,
				5E5EB91329811AE1003437C6 /* HNetworkLayerUITests.xctest */,
			);
			name = Products;
			sourceTree = "<group>";
		};
		5E5EB8F229811AE0003437C6 /* HNetworkLayer */ = {
			isa = PBXGroup;
			children = (
				5E5EB92E29811D22003437C6 /* Scene */,
				5E5EB92D29811D11003437C6 /* Model */,
				5E5EB92C29811D06003437C6 /* Application */,
				5E5EB92729811CCA003437C6 /* Networking */,
				5E5EB8F729811AE0003437C6 /* ViewController.swift */,
				5E5EB8FC29811AE0003437C6 /* HNetworkLayer.xcdatamodeld */,
				5E5EB8F929811AE0003437C6 /* Main.storyboard */,
				5E5EB8FF29811AE1003437C6 /* Assets.xcassets */,
				5E5EB90129811AE1003437C6 /* LaunchScreen.storyboard */,
				5E5EB90429811AE1003437C6 /* Info.plist */,
			);
			path = HNetworkLayer;
			sourceTree = "<group>";
		};
		5E5EB90C29811AE1003437C6 /* HNetworkLayerTests */ = {
			isa = PBXGroup;
			children = (
				5E5EB90D29811AE1003437C6 /* HNetworkLayerTests.swift */,
			);
			path = HNetworkLayerTests;
			sourceTree = "<group>";
		};
		5E5EB91629811AE1003437C6 /* HNetworkLayerUITests */ = {
			isa = PBXGroup;
			children = (
				5E5EB91729811AE1003437C6 /* HNetworkLayerUITests.swift */,
				5E5EB91929811AE1003437C6 /* HNetworkLayerUITestsLaunchTests.swift */,
			);
			path = HNetworkLayerUITests;
			sourceTree = "<group>";
		};
		5E5EB92729811CCA003437C6 /* Networking */ = {
			isa = PBXGroup;
			children = (
				5E5EB92B29811CFB003437C6 /* Encoding */,
				5E5EB92A29811CF2003437C6 /* Service */,
				5E5EB92929811CEA003437C6 /* Manager */,
				5E5EB92829811CDD003437C6 /* EndPoint */,
			);
			path = Networking;
			sourceTree = "<group>";
		};
		5E5EB92829811CDD003437C6 /* EndPoint */ = {
			isa = PBXGroup;
			children = (
				5E426B802984104500F22220 /* MovieEndPoint.swift */,
			);
			path = EndPoint;
			sourceTree = "<group>";
		};
		5E5EB92929811CEA003437C6 /* Manager */ = {
			isa = PBXGroup;
			children = (
				5E426B84298410CE00F22220 /* NetworkManager.swift */,
			);
			path = Manager;
			sourceTree = "<group>";
		};
		5E5EB92A29811CF2003437C6 /* Service */ = {
			isa = PBXGroup;
			children = (
				5E5EB92F298157D6003437C6 /* EndPointType.swift */,
				5E5EB93129815909003437C6 /* HTTPMethod.swift */,
				5E426B7E2984068E00F22220 /* Router.swift */,
				5E426B86298416AC00F22220 /* NetworkLogger.swift */,
				5E5EB93329815A32003437C6 /* HTTPTask.swift */,
				5E5EB93529815A3F003437C6 /* HTTPHeaders.swift */,
				5E5EB93929815C96003437C6 /* NetworkError.swift */,
				5E426B7C2984053C00F22220 /* NetworkRouter.swift */,
			);
			path = Service;
			sourceTree = "<group>";
		};
		5E5EB92B29811CFB003437C6 /* Encoding */ = {
			isa = PBXGroup;
			children = (
				5E5EB93729815B95003437C6 /* ParameterEncoding.swift */,
				5E5EB93D2981601C003437C6 /* JSONParameterEncoder.swift */,
				5E5EB93B29815EB2003437C6 /* URLParameterEncoder.swift */,
			);
			path = Encoding;
			sourceTree = "<group>";
		};
		5E5EB92C29811D06003437C6 /* Application */ = {
			isa = PBXGroup;
			children = (
				5E5EB8F329811AE0003437C6 /* AppDelegate.swift */,
				5E5EB8F529811AE0003437C6 /* SceneDelegate.swift */,
			);
			path = Application;
			sourceTree = "<group>";
		};
		5E5EB92D29811D11003437C6 /* Model */ = {
			isa = PBXGroup;
			children = (
				5E426B822984108400F22220 /* Movie.swift */,
			);
			path = Model;
			sourceTree = "<group>";
		};
		5E5EB92E29811D22003437C6 /* Scene */ = {
			isa = PBXGroup;
			children = (
				5E426B882984183100F22220 /* MainViewController.swift */,
			);
			path = Scene;
			sourceTree = "<group>";
		};
/* End PBXGroup section */

/* Begin PBXNativeTarget section */
		5E5EB8EF29811AE0003437C6 /* HNetworkLayer */ = {
			isa = PBXNativeTarget;
			buildConfigurationList = 5E5EB91D29811AE1003437C6 /* Build configuration list for PBXNativeTarget "HNetworkLayer" */;
			buildPhases = (
				5E5EB8EC29811AE0003437C6 /* Sources */,
				5E5EB8ED29811AE0003437C6 /* Frameworks */,
				5E5EB8EE29811AE0003437C6 /* Resources */,
			);
			buildRules = (
			);
			dependencies = (
			);
			name = HNetworkLayer;
			productName = HNetworkLayer;
			productReference = 5E5EB8F029811AE0003437C6 /* HNetworkLayer.app */;
			productType = "com.apple.product-type.application";
		};
		5E5EB90829811AE1003437C6 /* HNetworkLayerTests */ = {
			isa = PBXNativeTarget;
			buildConfigurationList = 5E5EB92029811AE1003437C6 /* Build configuration list for PBXNativeTarget "HNetworkLayerTests" */;
			buildPhases = (
				5E5EB90529811AE1003437C6 /* Sources */,
				5E5EB90629811AE1003437C6 /* Frameworks */,
				5E5EB90729811AE1003437C6 /* Resources */,
			);
			buildRules = (
			);
			dependencies = (
				5E5EB90B29811AE1003437C6 /* PBXTargetDependency */,
			);
			name = HNetworkLayerTests;
			productName = HNetworkLayerTests;
			productReference = 5E5EB90929811AE1003437C6 /* HNetworkLayerTests.xctest */;
			productType = "com.apple.product-type.bundle.unit-test";
		};
		5E5EB91229811AE1003437C6 /* HNetworkLayerUITests */ = {
			isa = PBXNativeTarget;
			buildConfigurationList = 5E5EB92329811AE1003437C6 /* Build configuration list for PBXNativeTarget "HNetworkLayerUITests" */;
			buildPhases = (
				5E5EB90F29811AE1003437C6 /* Sources */,
				5E5EB91029811AE1003437C6 /* Frameworks */,
				5E5EB91129811AE1003437C6 /* Resources */,
			);
			buildRules = (
			);
			dependencies = (
				5E5EB91529811AE1003437C6 /* PBXTargetDependency */,
			);
			name = HNetworkLayerUITests;
			productName = HNetworkLayerUITests;
			productReference = 5E5EB91329811AE1003437C6 /* HNetworkLayerUITests.xctest */;
			productType = "com.apple.product-type.bundle.ui-testing";
		};
/* End PBXNativeTarget section */

/* Begin PBXProject section */
		5E5EB8E829811AE0003437C6 /* Project object */ = {
			isa = PBXProject;
			attributes = {
				BuildIndependentTargetsInParallel = 1;
				LastSwiftUpdateCheck = 1420;
				LastUpgradeCheck = 1420;
				TargetAttributes = {
					5E5EB8EF29811AE0003437C6 = {
						CreatedOnToolsVersion = 14.2;
					};
					5E5EB90829811AE1003437C6 = {
						CreatedOnToolsVersion = 14.2;
						TestTargetID = 5E5EB8EF29811AE0003437C6;
					};
					5E5EB91229811AE1003437C6 = {
						CreatedOnToolsVersion = 14.2;
						TestTargetID = 5E5EB8EF29811AE0003437C6;
					};
				};
			};
			buildConfigurationList = 5E5EB8EB29811AE0003437C6 /* Build configuration list for PBXProject "HNetworkLayer" */;
			compatibilityVersion = "Xcode 14.0";
			developmentRegion = en;
			hasScannedForEncodings = 0;
			knownRegions = (
				en,
				Base,
			);
			mainGroup = 5E5EB8E729811AE0003437C6;
			productRefGroup = 5E5EB8F129811AE0003437C6 /* Products */;
			projectDirPath = "";
			projectRoot = "";
			targets = (
				5E5EB8EF29811AE0003437C6 /* HNetworkLayer */,
				5E5EB90829811AE1003437C6 /* HNetworkLayerTests */,
				5E5EB91229811AE1003437C6 /* HNetworkLayerUITests */,
			);
		};
/* End PBXProject section */

/* Begin PBXResourcesBuildPhase section */
		5E5EB8EE29811AE0003437C6 /* Resources */ = {
			isa = PBXResourcesBuildPhase;
			buildActionMask = 2147483647;
			files = (
				5E5EB90329811AE1003437C6 /* LaunchScreen.storyboard in Resources */,
				5E5EB90029811AE1003437C6 /* Assets.xcassets in Resources */,
				5E5EB8FB29811AE0003437C6 /* Main.storyboard in Resources */,
			);
			runOnlyForDeploymentPostprocessing = 0;
		};
		5E5EB90729811AE1003437C6 /* Resources */ = {
			isa = PBXResourcesBuildPhase;
			buildActionMask = 2147483647;
			files = (
			);
			runOnlyForDeploymentPostprocessing = 0;
		};
		5E5EB91129811AE1003437C6 /* Resources */ = {
			isa = PBXResourcesBuildPhase;
			buildActionMask = 2147483647;
			files = (
			);
			runOnlyForDeploymentPostprocessing = 0;
		};
/* End PBXResourcesBuildPhase section */

/* Begin PBXSourcesBuildPhase section */
		5E5EB8EC29811AE0003437C6 /* Sources */ = {
			isa = PBXSourcesBuildPhase;
			buildActionMask = 2147483647;
			files = (
				5E5EB93829815B95003437C6 /* ParameterEncoding.swift in Sources */,
				5E5EB93C29815EB2003437C6 /* URLParameterEncoder.swift in Sources */,
				5E5EB93629815A3F003437C6 /* HTTPHeaders.swift in Sources */,
				5E5EB93429815A32003437C6 /* HTTPTask.swift in Sources */,
				5E5EB8F829811AE0003437C6 /* ViewController.swift in Sources */,
				5E426B892984183100F22220 /* MainViewController.swift in Sources */,
				5E5EB8FE29811AE0003437C6 /* HNetworkLayer.xcdatamodeld in Sources */,
				5E426B87298416AC00F22220 /* NetworkLogger.swift in Sources */,
				5E426B832984108400F22220 /* Movie.swift in Sources */,
				5E5EB93229815909003437C6 /* HTTPMethod.swift in Sources */,
				5E5EB8F429811AE0003437C6 /* AppDelegate.swift in Sources */,
				5E426B7D2984053C00F22220 /* NetworkRouter.swift in Sources */,
				5E426B85298410CE00F22220 /* NetworkManager.swift in Sources */,
				5E5EB93E2981601C003437C6 /* JSONParameterEncoder.swift in Sources */,
				5E426B7F2984068E00F22220 /* Router.swift in Sources */,
				5E5EB930298157D6003437C6 /* EndPointType.swift in Sources */,
				5E5EB8F629811AE0003437C6 /* SceneDelegate.swift in Sources */,
				5E5EB93A29815C96003437C6 /* NetworkError.swift in Sources */,
				5E426B812984104500F22220 /* MovieEndPoint.swift in Sources */,
			);
			runOnlyForDeploymentPostprocessing = 0;
		};
		5E5EB90529811AE1003437C6 /* Sources */ = {
			isa = PBXSourcesBuildPhase;
			buildActionMask = 2147483647;
			files = (
				5E5EB90E29811AE1003437C6 /* HNetworkLayerTests.swift in Sources */,
			);
			runOnlyForDeploymentPostprocessing = 0;
		};
		5E5EB90F29811AE1003437C6 /* Sources */ = {
			isa = PBXSourcesBuildPhase;
			buildActionMask = 2147483647;
			files = (
				5E5EB91A29811AE1003437C6 /* HNetworkLayerUITestsLaunchTests.swift in Sources */,
				5E5EB91829811AE1003437C6 /* HNetworkLayerUITests.swift in Sources */,
			);
			runOnlyForDeploymentPostprocessing = 0;
		};
/* End PBXSourcesBuildPhase section */

/* Begin PBXTargetDependency section */
		5E5EB90B29811AE1003437C6 /* PBXTargetDependency */ = {
			isa = PBXTargetDependency;
			target = 5E5EB8EF29811AE0003437C6 /* HNetworkLayer */;
			targetProxy = 5E5EB90A29811AE1003437C6 /* PBXContainerItemProxy */;
		};
		5E5EB91529811AE1003437C6 /* PBXTargetDependency */ = {
			isa = PBXTargetDependency;
			target = 5E5EB8EF29811AE0003437C6 /* HNetworkLayer */;
			targetProxy = 5E5EB91429811AE1003437C6 /* PBXContainerItemProxy */;
		};
/* End PBXTargetDependency section */

/* Begin PBXVariantGroup section */
		5E5EB8F929811AE0003437C6 /* Main.storyboard */ = {
			isa = PBXVariantGroup;
			children = (
				5E5EB8FA29811AE0003437C6 /* Base */,
			);
			name = Main.storyboard;
			sourceTree = "<group>";
		};
		5E5EB90129811AE1003437C6 /* LaunchScreen.storyboard */ = {
			isa = PBXVariantGroup;
			children = (
				5E5EB90229811AE1003437C6 /* Base */,
			);
			name = LaunchScreen.storyboard;
			sourceTree = "<group>";
		};
/* End PBXVariantGroup section */

/* Begin XCBuildConfiguration section */
		5E5EB91B29811AE1003437C6 /* Debug */ = {
			isa = XCBuildConfiguration;
			buildSettings = {
				ALWAYS_SEARCH_USER_PATHS = NO;
				CLANG_ANALYZER_NONNULL = YES;
				CLANG_ANALYZER_NUMBER_OBJECT_CONVERSION = YES_AGGRESSIVE;
				CLANG_CXX_LANGUAGE_STANDARD = "gnu++20";
				CLANG_ENABLE_MODULES = YES;
				CLANG_ENABLE_OBJC_ARC = YES;
				CLANG_ENABLE_OBJC_WEAK = YES;
				CLANG_WARN_BLOCK_CAPTURE_AUTORELEASING = YES;
				CLANG_WARN_BOOL_CONVERSION = YES;
				CLANG_WARN_COMMA = YES;
				CLANG_WARN_CONSTANT_CONVERSION = YES;
				CLANG_WARN_DEPRECATED_OBJC_IMPLEMENTATIONS = YES;
				CLANG_WARN_DIRECT_OBJC_ISA_USAGE = YES_ERROR;
				CLANG_WARN_DOCUMENTATION_COMMENTS = YES;
				CLANG_WARN_EMPTY_BODY = YES;
				CLANG_WARN_ENUM_CONVERSION = YES;
				CLANG_WARN_INFINITE_RECURSION = YES;
				CLANG_WARN_INT_CONVERSION = YES;
				CLANG_WARN_NON_LITERAL_NULL_CONVERSION = YES;
				CLANG_WARN_OBJC_IMPLICIT_RETAIN_SELF = YES;
				CLANG_WARN_OBJC_LITERAL_CONVERSION = YES;
				CLANG_WARN_OBJC_ROOT_CLASS = YES_ERROR;
				CLANG_WARN_QUOTED_INCLUDE_IN_FRAMEWORK_HEADER = YES;
				CLANG_WARN_RANGE_LOOP_ANALYSIS = YES;
				CLANG_WARN_STRICT_PROTOTYPES = YES;
				CLANG_WARN_SUSPICIOUS_MOVE = YES;
				CLANG_WARN_UNGUARDED_AVAILABILITY = YES_AGGRESSIVE;
				CLANG_WARN_UNREACHABLE_CODE = YES;
				CLANG_WARN__DUPLICATE_METHOD_MATCH = YES;
				COPY_PHASE_STRIP = NO;
				DEBUG_INFORMATION_FORMAT = dwarf;
				ENABLE_STRICT_OBJC_MSGSEND = YES;
				ENABLE_TESTABILITY = YES;
				GCC_C_LANGUAGE_STANDARD = gnu11;
				GCC_DYNAMIC_NO_PIC = NO;
				GCC_NO_COMMON_BLOCKS = YES;
				GCC_OPTIMIZATION_LEVEL = 0;
				GCC_PREPROCESSOR_DEFINITIONS = (
					"DEBUG=1",
					"$(inherited)",
				);
				GCC_WARN_64_TO_32_BIT_CONVERSION = YES;
				GCC_WARN_ABOUT_RETURN_TYPE = YES_ERROR;
				GCC_WARN_UNDECLARED_SELECTOR = YES;
				GCC_WARN_UNINITIALIZED_AUTOS = YES_AGGRESSIVE;
				GCC_WARN_UNUSED_FUNCTION = YES;
				GCC_WARN_UNUSED_VARIABLE = YES;
				IPHONEOS_DEPLOYMENT_TARGET = 16.2;
				MTL_ENABLE_DEBUG_INFO = INCLUDE_SOURCE;
				MTL_FAST_MATH = YES;
				ONLY_ACTIVE_ARCH = YES;
				SDKROOT = iphoneos;
				SWIFT_ACTIVE_COMPILATION_CONDITIONS = DEBUG;
				SWIFT_OPTIMIZATION_LEVEL = "-Onone";
			};
			name = Debug;
		};
		5E5EB91C29811AE1003437C6 /* Release */ = {
			isa = XCBuildConfiguration;
			buildSettings = {
				ALWAYS_SEARCH_USER_PATHS = NO;
				CLANG_ANALYZER_NONNULL = YES;
				CLANG_ANALYZER_NUMBER_OBJECT_CONVERSION = YES_AGGRESSIVE;
				CLANG_CXX_LANGUAGE_STANDARD = "gnu++20";
				CLANG_ENABLE_MODULES = YES;
				CLANG_ENABLE_OBJC_ARC = YES;
				CLANG_ENABLE_OBJC_WEAK = YES;
				CLANG_WARN_BLOCK_CAPTURE_AUTORELEASING = YES;
				CLANG_WARN_BOOL_CONVERSION = YES;
				CLANG_WARN_COMMA = YES;
				CLANG_WARN_CONSTANT_CONVERSION = YES;
				CLANG_WARN_DEPRECATED_OBJC_IMPLEMENTATIONS = YES;
				CLANG_WARN_DIRECT_OBJC_ISA_USAGE = YES_ERROR;
				CLANG_WARN_DOCUMENTATION_COMMENTS = YES;
				CLANG_WARN_EMPTY_BODY = YES;
				CLANG_WARN_ENUM_CONVERSION = YES;
				CLANG_WARN_INFINITE_RECURSION = YES;
				CLANG_WARN_INT_CONVERSION = YES;
				CLANG_WARN_NON_LITERAL_NULL_CONVERSION = YES;
				CLANG_WARN_OBJC_IMPLICIT_RETAIN_SELF = YES;
				CLANG_WARN_OBJC_LITERAL_CONVERSION = YES;
				CLANG_WARN_OBJC_ROOT_CLASS = YES_ERROR;
				CLANG_WARN_QUOTED_INCLUDE_IN_FRAMEWORK_HEADER = YES;
				CLANG_WARN_RANGE_LOOP_ANALYSIS = YES;
				CLANG_WARN_STRICT_PROTOTYPES = YES;
				CLANG_WARN_SUSPICIOUS_MOVE = YES;
				CLANG_WARN_UNGUARDED_AVAILABILITY = YES_AGGRESSIVE;
				CLANG_WARN_UNREACHABLE_CODE = YES;
				CLANG_WARN__DUPLICATE_METHOD_MATCH = YES;
				COPY_PHASE_STRIP = NO;
				DEBUG_INFORMATION_FORMAT = "dwarf-with-dsym";
				ENABLE_NS_ASSERTIONS = NO;
				ENABLE_STRICT_OBJC_MSGSEND = YES;
				GCC_C_LANGUAGE_STANDARD = gnu11;
				GCC_NO_COMMON_BLOCKS = YES;
				GCC_WARN_64_TO_32_BIT_CONVERSION = YES;
				GCC_WARN_ABOUT_RETURN_TYPE = YES_ERROR;
				GCC_WARN_UNDECLARED_SELECTOR = YES;
				GCC_WARN_UNINITIALIZED_AUTOS = YES_AGGRESSIVE;
				GCC_WARN_UNUSED_FUNCTION = YES;
				GCC_WARN_UNUSED_VARIABLE = YES;
				IPHONEOS_DEPLOYMENT_TARGET = 16.2;
				MTL_ENABLE_DEBUG_INFO = NO;
				MTL_FAST_MATH = YES;
				SDKROOT = iphoneos;
				SWIFT_COMPILATION_MODE = wholemodule;
				SWIFT_OPTIMIZATION_LEVEL = "-O";
				VALIDATE_PRODUCT = YES;
			};
			name = Release;
		};
		5E5EB91E29811AE1003437C6 /* Debug */ = {
			isa = XCBuildConfiguration;
			buildSettings = {
				ASSETCATALOG_COMPILER_APPICON_NAME = AppIcon;
				ASSETCATALOG_COMPILER_GLOBAL_ACCENT_COLOR_NAME = AccentColor;
				CODE_SIGN_STYLE = Automatic;
				CURRENT_PROJECT_VERSION = 1;
				DEVELOPMENT_TEAM = SS2CH8F6CH;
				GENERATE_INFOPLIST_FILE = YES;
				INFOPLIST_FILE = HNetworkLayer/Info.plist;
				INFOPLIST_KEY_UIApplicationSupportsIndirectInputEvents = YES;
				INFOPLIST_KEY_UILaunchStoryboardName = LaunchScreen;
				INFOPLIST_KEY_UIMainStoryboardFile = Main;
				INFOPLIST_KEY_UISupportedInterfaceOrientations_iPad = "UIInterfaceOrientationPortrait UIInterfaceOrientationPortraitUpsideDown UIInterfaceOrientationLandscapeLeft UIInterfaceOrientationLandscapeRight";
				INFOPLIST_KEY_UISupportedInterfaceOrientations_iPhone = "UIInterfaceOrientationPortrait UIInterfaceOrientationLandscapeLeft UIInterfaceOrientationLandscapeRight";
				LD_RUNPATH_SEARCH_PATHS = (
					"$(inherited)",
					"@executable_path/Frameworks",
				);
				MARKETING_VERSION = 1.0;
				PRODUCT_BUNDLE_IDENTIFIER = com.hamitseyrek.HNetworkLayer;
				PRODUCT_NAME = "$(TARGET_NAME)";
				SWIFT_EMIT_LOC_STRINGS = YES;
				SWIFT_VERSION = 5.0;
				TARGETED_DEVICE_FAMILY = "1,2";
			};
			name = Debug;
		};
		5E5EB91F29811AE1003437C6 /* Release */ = {
			isa = XCBuildConfiguration;
			buildSettings = {
				ASSETCATALOG_COMPILER_APPICON_NAME = AppIcon;
				ASSETCATALOG_COMPILER_GLOBAL_ACCENT_COLOR_NAME = AccentColor;
				CODE_SIGN_STYLE = Automatic;
				CURRENT_PROJECT_VERSION = 1;
				DEVELOPMENT_TEAM = SS2CH8F6CH;
				GENERATE_INFOPLIST_FILE = YES;
				INFOPLIST_FILE = HNetworkLayer/Info.plist;
				INFOPLIST_KEY_UIApplicationSupportsIndirectInputEvents = YES;
				INFOPLIST_KEY_UILaunchStoryboardName = LaunchScreen;
				INFOPLIST_KEY_UIMainStoryboardFile = Main;
				INFOPLIST_KEY_UISupportedInterfaceOrientations_iPad = "UIInterfaceOrientationPortrait UIInterfaceOrientationPortraitUpsideDown UIInterfaceOrientationLandscapeLeft UIInterfaceOrientationLandscapeRight";
				INFOPLIST_KEY_UISupportedInterfaceOrientations_iPhone = "UIInterfaceOrientationPortrait UIInterfaceOrientationLandscapeLeft UIInterfaceOrientationLandscapeRight";
				LD_RUNPATH_SEARCH_PATHS = (
					"$(inherited)",
					"@executable_path/Frameworks",
				);
				MARKETING_VERSION = 1.0;
				PRODUCT_BUNDLE_IDENTIFIER = com.hamitseyrek.HNetworkLayer;
				PRODUCT_NAME = "$(TARGET_NAME)";
				SWIFT_EMIT_LOC_STRINGS = YES;
				SWIFT_VERSION = 5.0;
				TARGETED_DEVICE_FAMILY = "1,2";
			};
			name = Release;
		};
		5E5EB92129811AE1003437C6 /* Debug */ = {
			isa = XCBuildConfiguration;
			buildSettings = {
				ALWAYS_EMBED_SWIFT_STANDARD_LIBRARIES = YES;
				BUNDLE_LOADER = "$(TEST_HOST)";
				CODE_SIGN_STYLE = Automatic;
				CURRENT_PROJECT_VERSION = 1;
				DEVELOPMENT_TEAM = SS2CH8F6CH;
				GENERATE_INFOPLIST_FILE = YES;
				IPHONEOS_DEPLOYMENT_TARGET = 16.2;
				MARKETING_VERSION = 1.0;
				PRODUCT_BUNDLE_IDENTIFIER = com.hamitseyrek.HNetworkLayerTests;
				PRODUCT_NAME = "$(TARGET_NAME)";
				SWIFT_EMIT_LOC_STRINGS = NO;
				SWIFT_VERSION = 5.0;
				TARGETED_DEVICE_FAMILY = "1,2";
				TEST_HOST = "$(BUILT_PRODUCTS_DIR)/HNetworkLayer.app/$(BUNDLE_EXECUTABLE_FOLDER_PATH)/HNetworkLayer";
			};
			name = Debug;
		};
		5E5EB92229811AE1003437C6 /* Release */ = {
			isa = XCBuildConfiguration;
			buildSettings = {
				ALWAYS_EMBED_SWIFT_STANDARD_LIBRARIES = YES;
				BUNDLE_LOADER = "$(TEST_HOST)";
				CODE_SIGN_STYLE = Automatic;
				CURRENT_PROJECT_VERSION = 1;
				DEVELOPMENT_TEAM = SS2CH8F6CH;
				GENERATE_INFOPLIST_FILE = YES;
				IPHONEOS_DEPLOYMENT_TARGET = 16.2;
				MARKETING_VERSION = 1.0;
				PRODUCT_BUNDLE_IDENTIFIER = com.hamitseyrek.HNetworkLayerTests;
				PRODUCT_NAME = "$(TARGET_NAME)";
				SWIFT_EMIT_LOC_STRINGS = NO;
				SWIFT_VERSION = 5.0;
				TARGETED_DEVICE_FAMILY = "1,2";
				TEST_HOST = "$(BUILT_PRODUCTS_DIR)/HNetworkLayer.app/$(BUNDLE_EXECUTABLE_FOLDER_PATH)/HNetworkLayer";
			};
			name = Release;
		};
		5E5EB92429811AE1003437C6 /* Debug */ = {
			isa = XCBuildConfiguration;
			buildSettings = {
				ALWAYS_EMBED_SWIFT_STANDARD_LIBRARIES = YES;
				CODE_SIGN_STYLE = Automatic;
				CURRENT_PROJECT_VERSION = 1;
				DEVELOPMENT_TEAM = SS2CH8F6CH;
				GENERATE_INFOPLIST_FILE = YES;
				MARKETING_VERSION = 1.0;
				PRODUCT_BUNDLE_IDENTIFIER = com.hamitseyrek.HNetworkLayerUITests;
				PRODUCT_NAME = "$(TARGET_NAME)";
				SWIFT_EMIT_LOC_STRINGS = NO;
				SWIFT_VERSION = 5.0;
				TARGETED_DEVICE_FAMILY = "1,2";
				TEST_TARGET_NAME = HNetworkLayer;
			};
			name = Debug;
		};
		5E5EB92529811AE1003437C6 /* Release */ = {
			isa = XCBuildConfiguration;
			buildSettings = {
				ALWAYS_EMBED_SWIFT_STANDARD_LIBRARIES = YES;
				CODE_SIGN_STYLE = Automatic;
				CURRENT_PROJECT_VERSION = 1;
				DEVELOPMENT_TEAM = SS2CH8F6CH;
				GENERATE_INFOPLIST_FILE = YES;
				MARKETING_VERSION = 1.0;
				PRODUCT_BUNDLE_IDENTIFIER = com.hamitseyrek.HNetworkLayerUITests;
				PRODUCT_NAME = "$(TARGET_NAME)";
				SWIFT_EMIT_LOC_STRINGS = NO;
				SWIFT_VERSION = 5.0;
				TARGETED_DEVICE_FAMILY = "1,2";
				TEST_TARGET_NAME = HNetworkLayer;
			};
			name = Release;
		};
/* End XCBuildConfiguration section */

/* Begin XCConfigurationList section */
		5E5EB8EB29811AE0003437C6 /* Build configuration list for PBXProject "HNetworkLayer" */ = {
			isa = XCConfigurationList;
			buildConfigurations = (
				5E5EB91B29811AE1003437C6 /* Debug */,
				5E5EB91C29811AE1003437C6 /* Release */,
			);
			defaultConfigurationIsVisible = 0;
			defaultConfigurationName = Release;
		};
		5E5EB91D29811AE1003437C6 /* Build configuration list for PBXNativeTarget "HNetworkLayer" */ = {
			isa = XCConfigurationList;
			buildConfigurations = (
				5E5EB91E29811AE1003437C6 /* Debug */,
				5E5EB91F29811AE1003437C6 /* Release */,
			);
			defaultConfigurationIsVisible = 0;
			defaultConfigurationName = Release;
		};
		5E5EB92029811AE1003437C6 /* Build configuration list for PBXNativeTarget "HNetworkLayerTests" */ = {
			isa = XCConfigurationList;
			buildConfigurations = (
				5E5EB92129811AE1003437C6 /* Debug */,
				5E5EB92229811AE1003437C6 /* Release */,
			);
			defaultConfigurationIsVisible = 0;
			defaultConfigurationName = Release;
		};
		5E5EB92329811AE1003437C6 /* Build configuration list for PBXNativeTarget "HNetworkLayerUITests" */ = {
			isa = XCConfigurationList;
			buildConfigurations = (
				5E5EB92429811AE1003437C6 /* Debug */,
				5E5EB92529811AE1003437C6 /* Release */,
			);
			defaultConfigurationIsVisible = 0;
			defaultConfigurationName = Release;
		};
/* End XCConfigurationList section */

/* Begin XCVersionGroup section */
		5E5EB8FC29811AE0003437C6 /* HNetworkLayer.xcdatamodeld */ = {
			isa = XCVersionGroup;
			children = (
				5E5EB8FD29811AE0003437C6 /* HNetworkLayer.xcdatamodel */,
			);
			currentVersion = 5E5EB8FD29811AE0003437C6 /* HNetworkLayer.xcdatamodel */;
			path = HNetworkLayer.xcdatamodeld;
			sourceTree = "<group>";
			versionGroupType = wrapper.xcdatamodel;
		};
/* End XCVersionGroup section */
	};
	rootObject = 5E5EB8E829811AE0003437C6 /* Project object */;
}
